
Microsoft Visual Studio Solution File, Format Version 12.00
# Visual Studio 15
VisualStudioVersion = 15.0.28307.902
MinimumVisualStudioVersion = 10.0.40219.1
Project("{FAE04EC0-301F-11D3-BF4B-00C04F79EFBC}") = "VFPMailKit", "VFPMailKit\VFPMailKit.csproj", "{F8A63FBF-6238-4E15-92A5-FC1E8C3B47D7}"
EndProject
Project("{FAE04EC0-301F-11D3-BF4B-00C04F79EFBC}") = "EmailSender", "EmailSender\EmailSender.csproj", "{C13EA75C-1D57-4FC0-9417-BA465CE59DCE}"
EndProject
Global
	GlobalSection(SolutionConfigurationPlatforms) = preSolution
		Debug|Any CPU = Debug|Any CPU
		Release|Any CPU = Release|Any CPU
	EndGlobalSection
	GlobalSection(ProjectConfigurationPlatforms) = postSolution
		{F8A63FBF-6238-4E15-92A5-FC1E8C3B47D7}.Debug|Any CPU.ActiveCfg = Debug|Any CPU
		{F8A63FBF-6238-4E15-92A5-FC1E8C3B47D7}.Debug|Any CPU.Build.0 = Debug|Any CPU
		{F8A63FBF-6238-4E15-92A5-FC1E8C3B47D7}.Release|Any CPU.ActiveCfg = Release|Any CPU
		{F8A63FBF-6238-4E15-92A5-FC1E8C3B47D7}.Release|Any CPU.Build.0 = Release|Any CPU
		{C13EA75C-1D57-4FC0-9417-BA465CE59DCE}.Debug|Any CPU.ActiveCfg = Debug|Any CPU
		{C13EA75C-1D57-4FC0-9417-BA465CE59DCE}.Debug|Any CPU.Build.0 = Debug|Any CPU
		{C13EA75C-1D57-4FC0-9417-BA465CE59DCE}.Release|Any CPU.ActiveCfg = Release|Any CPU
		{C13EA75C-1D57-4FC0-9417-BA465CE59DCE}.Release|Any CPU.Build.0 = Release|Any CPU
	EndGlobalSection
	GlobalSection(SolutionProperties) = preSolution
		HideSolutionNode = FALSE
	EndGlobalSection
	GlobalSection(ExtensibilityGlobals) = postSolution
		SolutionGuid = {19C98BB6-BF45-43B7-9E13-7108158F92DC}
	EndGlobalSection
EndGlobal
